{
  "version": 4,
  "terraform_version": "0.14.7",
  "serial": 27,
  "lineage": "f87cd525-852f-67c2-18e1-461b4777e36d",
  "outputs": {
    "curl": {
      "value": "curl -H 'Content-Type: application/json' -X POST -d '{\"name\": \"YHU\"}' https://ogt2ffbi97.execute-api.us-east-1.amazonaws.com/beta/helloworld",
      "type": "string"
    }
  },
  "resources": [
    {
      "mode": "managed",
      "type": "aws_api_gateway_deployment",
      "name": "hello_world_deploy",
      "provider": "provider[\"registry.terraform.io/hashicorp/aws\"]",
      "instances": [
        {
          "schema_version": 0,
          "attributes": {
            "created_date": "2021-03-09T21:42:01Z",
            "description": "",
            "execution_arn": "arn:aws:execute-api:us-east-1:221399280476:ogt2ffbi97/beta",
            "id": "w8ufk3",
            "invoke_url": "https://ogt2ffbi97.execute-api.us-east-1.amazonaws.com/beta",
            "rest_api_id": "ogt2ffbi97",
            "stage_description": null,
            "stage_name": "beta",
            "triggers": null,
            "variables": null
          },
          "sensitive_attributes": [],
          "private": "bnVsbA==",
          "dependencies": [
            "aws_api_gateway_integration.hello_world_integration",
            "aws_api_gateway_method.hello_world_method",
            "aws_api_gateway_resource.hello_world_api_gateway",
            "aws_api_gateway_rest_api.hello_world_api",
            "aws_iam_role.lambda_apigateway_iam_role",
            "aws_lambda_function.hello_world_function"
          ]
        }
      ]
    },
    {
      "mode": "managed",
      "type": "aws_api_gateway_integration",
      "name": "hello_world_integration",
      "provider": "provider[\"registry.terraform.io/hashicorp/aws\"]",
      "instances": [
        {
          "schema_version": 0,
          "attributes": {
            "cache_key_parameters": null,
            "cache_namespace": "tr5i7n",
            "connection_id": "",
            "connection_type": "INTERNET",
            "content_handling": "",
            "credentials": "arn:aws:iam::221399280476:role/lambda_apigateway_iam_role",
            "http_method": "POST",
            "id": "agi-ogt2ffbi97-tr5i7n-POST",
            "integration_http_method": "POST",
            "passthrough_behavior": "WHEN_NO_MATCH",
            "request_parameters": null,
            "request_templates": null,
            "resource_id": "tr5i7n",
            "rest_api_id": "ogt2ffbi97",
            "timeout_milliseconds": 29000,
            "tls_config": [],
            "type": "AWS",
            "uri": "arn:aws:apigateway:us-east-1:lambda:path/2015-03-31/functions/arn:aws:lambda:us-east-1:221399280476:function:hello_world_function/invocations"
          },
          "sensitive_attributes": [],
          "private": "bnVsbA==",
          "dependencies": [
            "aws_api_gateway_method.hello_world_method",
            "aws_api_gateway_resource.hello_world_api_gateway",
            "aws_api_gateway_rest_api.hello_world_api",
            "aws_iam_role.lambda_apigateway_iam_role",
            "aws_lambda_function.hello_world_function"
          ]
        }
      ]
    },
    {
      "mode": "managed",
      "type": "aws_api_gateway_integration_response",
      "name": "hello_world_integration_response",
      "provider": "provider[\"registry.terraform.io/hashicorp/aws\"]",
      "instances": [
        {
          "schema_version": 0,
          "attributes": {
            "content_handling": "",
            "http_method": "POST",
            "id": "agir-ogt2ffbi97-tr5i7n-POST-200",
            "resource_id": "tr5i7n",
            "response_parameters": null,
            "response_templates": null,
            "rest_api_id": "ogt2ffbi97",
            "selection_pattern": "",
            "status_code": "200"
          },
          "sensitive_attributes": [],
          "private": "bnVsbA==",
          "dependencies": [
            "aws_api_gateway_integration.hello_world_integration",
            "aws_api_gateway_method.hello_world_method",
            "aws_api_gateway_method_response.response_200",
            "aws_api_gateway_resource.hello_world_api_gateway",
            "aws_api_gateway_rest_api.hello_world_api",
            "aws_iam_role.lambda_apigateway_iam_role",
            "aws_lambda_function.hello_world_function"
          ]
        }
      ]
    },
    {
      "mode": "managed",
      "type": "aws_api_gateway_method",
      "name": "hello_world_method",
      "provider": "provider[\"registry.terraform.io/hashicorp/aws\"]",
      "instances": [
        {
          "schema_version": 0,
          "attributes": {
            "api_key_required": false,
            "authorization": "NONE",
            "authorization_scopes": [],
            "authorizer_id": "",
            "http_method": "POST",
            "id": "agm-ogt2ffbi97-tr5i7n-POST",
            "operation_name": "",
            "request_models": {},
            "request_parameters": {},
            "request_validator_id": "",
            "resource_id": "tr5i7n",
            "rest_api_id": "ogt2ffbi97"
          },
          "sensitive_attributes": [],
          "private": "bnVsbA==",
          "dependencies": [
            "aws_api_gateway_resource.hello_world_api_gateway",
            "aws_api_gateway_rest_api.hello_world_api"
          ]
        }
      ]
    },
    {
      "mode": "managed",
      "type": "aws_api_gateway_method_response",
      "name": "response_200",
      "provider": "provider[\"registry.terraform.io/hashicorp/aws\"]",
      "instances": [
        {
          "schema_version": 0,
          "attributes": {
            "http_method": "POST",
            "id": "agmr-ogt2ffbi97-tr5i7n-POST-200",
            "resource_id": "tr5i7n",
            "response_models": {
              "application/json": "Empty"
            },
            "response_parameters": {},
            "rest_api_id": "ogt2ffbi97",
            "status_code": "200"
          },
          "sensitive_attributes": [],
          "private": "bnVsbA==",
          "dependencies": [
            "aws_api_gateway_method.hello_world_method",
            "aws_api_gateway_resource.hello_world_api_gateway",
            "aws_api_gateway_rest_api.hello_world_api"
          ]
        }
      ]
    },
    {
      "mode": "managed",
      "type": "aws_api_gateway_resource",
      "name": "hello_world_api_gateway",
      "provider": "provider[\"registry.terraform.io/hashicorp/aws\"]",
      "instances": [
        {
          "schema_version": 0,
          "attributes": {
            "id": "tr5i7n",
            "parent_id": "7rkav3g5n3",
            "path": "/helloworld",
            "path_part": "helloworld",
            "rest_api_id": "ogt2ffbi97"
          },
          "sensitive_attributes": [],
          "private": "bnVsbA==",
          "dependencies": [
            "aws_api_gateway_rest_api.hello_world_api"
          ]
        }
      ]
    },
    {
      "mode": "managed",
      "type": "aws_api_gateway_rest_api",
      "name": "hello_world_api",
      "provider": "provider[\"registry.terraform.io/hashicorp/aws\"]",
      "instances": [
        {
          "schema_version": 0,
          "attributes": {
            "api_key_source": "HEADER",
            "arn": "arn:aws:apigateway:us-east-1::/restapis/ogt2ffbi97",
            "binary_media_types": [],
            "body": null,
            "created_date": "2021-03-09T21:40:17Z",
            "description": "Hello, world API",
            "disable_execute_api_endpoint": false,
            "endpoint_configuration": [
              {
                "types": [
                  "EDGE"
                ],
                "vpc_endpoint_ids": []
              }
            ],
            "execution_arn": "arn:aws:execute-api:us-east-1:221399280476:ogt2ffbi97",
            "id": "ogt2ffbi97",
            "minimum_compression_size": -1,
            "name": "hello_world_api",
            "parameters": null,
            "policy": "",
            "root_resource_id": "7rkav3g5n3",
            "tags": {}
          },
          "sensitive_attributes": [],
          "private": "bnVsbA=="
        }
      ]
    },
    {
      "mode": "managed",
      "type": "aws_iam_role",
      "name": "lambda_apigateway_iam_role",
      "provider": "provider[\"registry.terraform.io/hashicorp/aws\"]",
      "instances": [
        {
          "schema_version": 0,
          "attributes": {
            "arn": "arn:aws:iam::221399280476:role/lambda_apigateway_iam_role",
            "assume_role_policy": "{\"Version\":\"2012-10-17\",\"Statement\":[{\"Sid\":\"\",\"Effect\":\"Allow\",\"Principal\":{\"Service\":[\"apigateway.amazonaws.com\",\"lambda.amazonaws.com\"]},\"Action\":\"sts:AssumeRole\"}]}",
            "create_date": "2021-03-09T21:40:16Z",
            "description": "",
            "force_detach_policies": false,
            "id": "lambda_apigateway_iam_role",
            "inline_policy": [
              {
                "name": "lambda_policy",
                "policy": "{\n  \"Version\": \"2012-10-17\",\n  \"Statement\": [\n    {\n      \"Effect\": \"Allow\",\n      \"Action\": [\n        \"logs:CreateLogGroup\",\n        \"logs:CreateLogStream\",\n        \"logs:PutLogEvents\"\n      ],\n      \"Resource\": \"*\"\n    },\n    {\n      \"Effect\": \"Allow\",\n      \"Action\": [\n        \"lambda:InvokeFunction\"\n      ],\n      \"Resource\": \"*\"\n    },\n    {\n      \"Effect\": \"Allow\",\n      \"Action\": [\n        \"cloudwatch:Describe*\",\n        \"cloudwatch:Get*\",\n        \"cloudwatch:List*\"\n      ],\n      \"Resource\": \"*\"\n    }\n  ]\n}\n"
              }
            ],
            "managed_policy_arns": [],
            "max_session_duration": 3600,
            "name": "lambda_apigateway_iam_role",
            "name_prefix": null,
            "path": "/",
            "permissions_boundary": null,
            "tags": {},
            "unique_id": "AROATHDDM5NOMHDWLH2CJ"
          },
          "sensitive_attributes": [],
          "private": "bnVsbA=="
        }
      ]
    },
    {
      "mode": "managed",
      "type": "aws_iam_role_policy",
      "name": "lambda_policy",
      "provider": "provider[\"registry.terraform.io/hashicorp/aws\"]",
      "instances": [
        {
          "schema_version": 0,
          "attributes": {
            "id": "lambda_apigateway_iam_role:lambda_policy",
            "name": "lambda_policy",
            "name_prefix": null,
            "policy": "{\n  \"Version\": \"2012-10-17\",\n  \"Statement\": [\n    {\n      \"Effect\": \"Allow\",\n      \"Action\": [\n        \"logs:CreateLogGroup\",\n        \"logs:CreateLogStream\",\n        \"logs:PutLogEvents\"\n      ],\n      \"Resource\": \"*\"\n    },\n    {\n      \"Effect\": \"Allow\",\n      \"Action\": [\n        \"lambda:InvokeFunction\"\n      ],\n      \"Resource\": \"*\"\n    },\n    {\n      \"Effect\": \"Allow\",\n      \"Action\": [\n        \"cloudwatch:Describe*\",\n        \"cloudwatch:Get*\",\n        \"cloudwatch:List*\"\n      ],\n      \"Resource\": \"*\"\n    }\n  ]\n}\n",
            "role": "lambda_apigateway_iam_role"
          },
          "sensitive_attributes": [],
          "private": "bnVsbA==",
          "dependencies": [
            "aws_iam_role.lambda_apigateway_iam_role"
          ]
        }
      ]
    },
    {
      "mode": "managed",
      "type": "aws_lambda_function",
      "name": "hello_world_function",
      "provider": "provider[\"registry.terraform.io/hashicorp/aws\"]",
      "instances": [
        {
          "schema_version": 0,
          "attributes": {
            "arn": "arn:aws:lambda:us-east-1:221399280476:function:hello_world_function",
            "code_signing_config_arn": "",
            "dead_letter_config": [],
            "description": "",
            "environment": [
              {
                "variables": {
                  "currentLocation": "WESTWOOD, MA, USA"
                }
              }
            ],
            "file_system_config": [],
            "filename": "../helloworldjava/target/helloworldjava-0.1.0-SNAPSHOT.jar",
            "function_name": "hello_world_function",
            "handler": "us.yhu.exp.helloworld.HelloLambdaHandler",
            "id": "hello_world_function",
            "image_config": [],
            "image_uri": "",
            "invoke_arn": "arn:aws:apigateway:us-east-1:lambda:path/2015-03-31/functions/arn:aws:lambda:us-east-1:221399280476:function:hello_world_function/invocations",
            "kms_key_arn": "",
            "last_modified": "2021-03-09T21:42:00.124+0000",
            "layers": [],
            "memory_size": 128,
            "package_type": "Zip",
            "publish": false,
            "qualified_arn": "arn:aws:lambda:us-east-1:221399280476:function:hello_world_function:$LATEST",
            "reserved_concurrent_executions": -1,
            "role": "arn:aws:iam::221399280476:role/lambda_apigateway_iam_role",
            "runtime": "java8",
            "s3_bucket": null,
            "s3_key": null,
            "s3_object_version": null,
            "signing_job_arn": "",
            "signing_profile_version_arn": "",
            "source_code_hash": "owSubBLV2aZyEk1rKDbcpry03LGdwINz9+sZalyiGgc=",
            "source_code_size": 12110,
            "tags": {},
            "timeout": 3,
            "timeouts": null,
            "tracing_config": [
              {
                "mode": "PassThrough"
              }
            ],
            "version": "$LATEST",
            "vpc_config": []
          },
          "sensitive_attributes": [],
          "private": "eyJlMmJmYjczMC1lY2FhLTExZTYtOGY4OC0zNDM2M2JjN2M0YzAiOnsiY3JlYXRlIjo2MDAwMDAwMDAwMDB9fQ==",
          "dependencies": [
            "aws_iam_role.lambda_apigateway_iam_role"
          ]
        }
      ]
    },
    {
      "mode": "managed",
      "type": "aws_lambda_permission",
      "name": "hello_world_function",
      "provider": "provider[\"registry.terraform.io/hashicorp/aws\"]",
      "instances": [
        {
          "schema_version": 0,
          "attributes": {
            "action": "lambda:InvokeFunction",
            "event_source_token": null,
            "function_name": "hello_world_function",
            "id": "AllowExecutionFromApiGateway",
            "principal": "apigateway.amazonaws.com",
            "qualifier": "",
            "source_account": null,
            "source_arn": "arn:aws:execute-api:us-east-1:221399280476:ogt2ffbi97/beta/POST/helloworld",
            "statement_id": "AllowExecutionFromApiGateway",
            "statement_id_prefix": null
          },
          "sensitive_attributes": [],
          "private": "bnVsbA==",
          "dependencies": [
            "aws_api_gateway_deployment.hello_world_deploy",
            "aws_api_gateway_integration.hello_world_integration",
            "aws_api_gateway_method.hello_world_method",
            "aws_api_gateway_resource.hello_world_api_gateway",
            "aws_api_gateway_rest_api.hello_world_api",
            "aws_iam_role.lambda_apigateway_iam_role",
            "aws_lambda_function.hello_world_function"
          ]
        }
      ]
    }
  ]
}
